// !$*UTF8*$!
{
	archiveVersion = 1;
	classes = {
	};
	objectVersion = 51;
	objects = {

/* Begin PBXBuildFile section */
		406199CCB5B2C35D52F8BC39 /* Pods_BobBob.framework in Frameworks */ = {isa = PBXBuildFile; fileRef = FD2D47028198BDA7E1E50959 /* Pods_BobBob.framework */; };
		4E08C7B0263C13E700A85A5E /* NaverMapViewController.swift in Sources */ = {isa = PBXBuildFile; fileRef = 4E08C7AF263C13E700A85A5E /* NaverMapViewController.swift */; };
		4E08C7B6263C230000A85A5E /* RestaurantDetailViewController.swift in Sources */ = {isa = PBXBuildFile; fileRef = 4E08C7B5263C230000A85A5E /* RestaurantDetailViewController.swift */; };
		4E08C7BE263C5A7C00A85A5E /* MapViewController.swift in Sources */ = {isa = PBXBuildFile; fileRef = 4E08C7BD263C5A7C00A85A5E /* MapViewController.swift */; };
		4EDB2342265A447300D01C5E /* 대지 36@300x.png in Resources */ = {isa = PBXBuildFile; fileRef = 4EDB2341265A447300D01C5E /* 대지 36@300x.png */; };
		4EDB2345265A47E400D01C5E /* KakaoTalk_Photo_2021-05-23-17-20-37.png in Resources */ = {isa = PBXBuildFile; fileRef = 4EDB2344265A47E400D01C5E /* KakaoTalk_Photo_2021-05-23-17-20-37.png */; };
		4EEBAFC7263BBAD700420C22 /* JsonHelper.swift in Sources */ = {isa = PBXBuildFile; fileRef = 4EEBAFC6263BBAD700420C22 /* JsonHelper.swift */; };
		4EEBAFCB263BBE1A00420C22 /* data.json in Resources */ = {isa = PBXBuildFile; fileRef = 4EEBAFCA263BBE1A00420C22 /* data.json */; };
		4EEBAFD2263BC0F700420C22 /* RestaurantData.swift in Sources */ = {isa = PBXBuildFile; fileRef = 4EEBAFD1263BC0F700420C22 /* RestaurantData.swift */; };
		4EEBAFDD263BC9BB00420C22 /* JjimViewController.swift in Sources */ = {isa = PBXBuildFile; fileRef = 4EEBAFDC263BC9BB00420C22 /* JjimViewController.swift */; };
		B10EA4032621D7000014A9C7 /* AppDelegate.swift in Sources */ = {isa = PBXBuildFile; fileRef = B10EA4022621D7000014A9C7 /* AppDelegate.swift */; };
		B10EA4052621D7000014A9C7 /* SceneDelegate.swift in Sources */ = {isa = PBXBuildFile; fileRef = B10EA4042621D7000014A9C7 /* SceneDelegate.swift */; };
		B10EA4072621D7000014A9C7 /* ViewController.swift in Sources */ = {isa = PBXBuildFile; fileRef = B10EA4062621D7000014A9C7 /* ViewController.swift */; };
		B10EA40A2621D7000014A9C7 /* Main.storyboard in Resources */ = {isa = PBXBuildFile; fileRef = B10EA4082621D7000014A9C7 /* Main.storyboard */; };
		B10EA40C2621D7000014A9C7 /* Assets.xcassets in Resources */ = {isa = PBXBuildFile; fileRef = B10EA40B2621D7000014A9C7 /* Assets.xcassets */; };
		B10EA40F2621D7000014A9C7 /* LaunchScreen.storyboard in Resources */ = {isa = PBXBuildFile; fileRef = B10EA40D2621D7000014A9C7 /* LaunchScreen.storyboard */; };
		B10EA4182621EC3E0014A9C7 /* account.jpg in Resources */ = {isa = PBXBuildFile; fileRef = B10EA4172621EC3E0014A9C7 /* account.jpg */; };
		B11744E42635DCD700FCD5C7 /* profileViewController.swift in Sources */ = {isa = PBXBuildFile; fileRef = B11744E32635DCD700FCD5C7 /* profileViewController.swift */; };
		B11744E72635DE6900FCD5C7 /* JeboViewController.swift in Sources */ = {isa = PBXBuildFile; fileRef = B11744E62635DE6900FCD5C7 /* JeboViewController.swift */; };
		B16D5A0126367E1900C2A1FB /* json_tset.swift in Sources */ = {isa = PBXBuildFile; fileRef = B16D5A0026367E1900C2A1FB /* json_tset.swift */; };
		B16D5A082636B80700C2A1FB /* CellAttr.swift in Sources */ = {isa = PBXBuildFile; fileRef = B16D5A072636B80700C2A1FB /* CellAttr.swift */; };
		B1D05959266BBF3A0079EEBE /* CustomBookmark.swift in Sources */ = {isa = PBXBuildFile; fileRef = B1D05958266BBF3A0079EEBE /* CustomBookmark.swift */; };
		B1D0595C266BC1CA0079EEBE /* CSCellAttr.swift in Sources */ = {isa = PBXBuildFile; fileRef = B1D0595B266BC1CA0079EEBE /* CSCellAttr.swift */; };
		B1EB3AED263E79E500691D1D /* KakaoTalk_Photo_2021-05-02-15-10-23.png in Resources */ = {isa = PBXBuildFile; fileRef = B1EB3AEC263E79E500691D1D /* KakaoTalk_Photo_2021-05-02-15-10-23.png */; };
		B1FD4758266BDB700007951D /* CSaddPage.swift in Sources */ = {isa = PBXBuildFile; fileRef = B1FD4757266BDB700007951D /* CSaddPage.swift */; };
/* End PBXBuildFile section */

/* Begin PBXFileReference section */
		23B9D75681E515F04E0BD430 /* Pods-BobBob.debug.xcconfig */ = {isa = PBXFileReference; includeInIndex = 1; lastKnownFileType = text.xcconfig; name = "Pods-BobBob.debug.xcconfig"; path = "Target Support Files/Pods-BobBob/Pods-BobBob.debug.xcconfig"; sourceTree = "<group>"; };
		4E08C7AF263C13E700A85A5E /* NaverMapViewController.swift */ = {isa = PBXFileReference; lastKnownFileType = sourcecode.swift; path = NaverMapViewController.swift; sourceTree = "<group>"; };
		4E08C7B5263C230000A85A5E /* RestaurantDetailViewController.swift */ = {isa = PBXFileReference; lastKnownFileType = sourcecode.swift; path = RestaurantDetailViewController.swift; sourceTree = "<group>"; };
		4E08C7BD263C5A7C00A85A5E /* MapViewController.swift */ = {isa = PBXFileReference; fileEncoding = 4; lastKnownFileType = sourcecode.swift; path = MapViewController.swift; sourceTree = "<group>"; };
		4E62610DF767A0966EB1E01E /* Pods-BobBob.release.xcconfig */ = {isa = PBXFileReference; includeInIndex = 1; lastKnownFileType = text.xcconfig; name = "Pods-BobBob.release.xcconfig"; path = "Target Support Files/Pods-BobBob/Pods-BobBob.release.xcconfig"; sourceTree = "<group>"; };
		4EDB2341265A447300D01C5E /* 대지 36@300x.png */ = {isa = PBXFileReference; lastKnownFileType = image.png; path = "대지 36@300x.png"; sourceTree = "<group>"; };
		4EDB2344265A47E400D01C5E /* KakaoTalk_Photo_2021-05-23-17-20-37.png */ = {isa = PBXFileReference; lastKnownFileType = image.png; path = "KakaoTalk_Photo_2021-05-23-17-20-37.png"; sourceTree = "<group>"; };
		4EEBAFC6263BBAD700420C22 /* JsonHelper.swift */ = {isa = PBXFileReference; lastKnownFileType = sourcecode.swift; path = JsonHelper.swift; sourceTree = "<group>"; };
		4EEBAFCA263BBE1A00420C22 /* data.json */ = {isa = PBXFileReference; lastKnownFileType = text.json; path = data.json; sourceTree = "<group>"; };
		4EEBAFD1263BC0F700420C22 /* RestaurantData.swift */ = {isa = PBXFileReference; lastKnownFileType = sourcecode.swift; path = RestaurantData.swift; sourceTree = "<group>"; };
		4EEBAFDC263BC9BB00420C22 /* JjimViewController.swift */ = {isa = PBXFileReference; fileEncoding = 4; lastKnownFileType = sourcecode.swift; path = JjimViewController.swift; sourceTree = "<group>"; };
		B10EA3FF2621D7000014A9C7 /* BobBob.app */ = {isa = PBXFileReference; explicitFileType = wrapper.application; includeInIndex = 0; path = BobBob.app; sourceTree = BUILT_PRODUCTS_DIR; };
		B10EA4022621D7000014A9C7 /* AppDelegate.swift */ = {isa = PBXFileReference; lastKnownFileType = sourcecode.swift; path = AppDelegate.swift; sourceTree = "<group>"; };
		B10EA4042621D7000014A9C7 /* SceneDelegate.swift */ = {isa = PBXFileReference; lastKnownFileType = sourcecode.swift; path = SceneDelegate.swift; sourceTree = "<group>"; };
		B10EA4062621D7000014A9C7 /* ViewController.swift */ = {isa = PBXFileReference; lastKnownFileType = sourcecode.swift; path = ViewController.swift; sourceTree = "<group>"; };
		B10EA4092621D7000014A9C7 /* Base */ = {isa = PBXFileReference; lastKnownFileType = file.storyboard; name = Base; path = Base.lproj/Main.storyboard; sourceTree = "<group>"; };
		B10EA40B2621D7000014A9C7 /* Assets.xcassets */ = {isa = PBXFileReference; lastKnownFileType = folder.assetcatalog; path = Assets.xcassets; sourceTree = "<group>"; };
		B10EA40E2621D7000014A9C7 /* Base */ = {isa = PBXFileReference; lastKnownFileType = file.storyboard; name = Base; path = Base.lproj/LaunchScreen.storyboard; sourceTree = "<group>"; };
		B10EA4102621D7000014A9C7 /* Info.plist */ = {isa = PBXFileReference; lastKnownFileType = text.plist.xml; path = Info.plist; sourceTree = "<group>"; };
		B10EA4172621EC3E0014A9C7 /* account.jpg */ = {isa = PBXFileReference; lastKnownFileType = image.jpeg; path = account.jpg; sourceTree = "<group>"; };
		B11744E32635DCD700FCD5C7 /* profileViewController.swift */ = {isa = PBXFileReference; lastKnownFileType = sourcecode.swift; path = profileViewController.swift; sourceTree = "<group>"; };
		B11744E62635DE6900FCD5C7 /* JeboViewController.swift */ = {isa = PBXFileReference; lastKnownFileType = sourcecode.swift; path = JeboViewController.swift; sourceTree = "<group>"; };
		B16D5A0026367E1900C2A1FB /* json_tset.swift */ = {isa = PBXFileReference; lastKnownFileType = sourcecode.swift; path = json_tset.swift; sourceTree = "<group>"; };
		B16D5A072636B80700C2A1FB /* CellAttr.swift */ = {isa = PBXFileReference; lastKnownFileType = sourcecode.swift; path = CellAttr.swift; sourceTree = "<group>"; };
		B1D05958266BBF3A0079EEBE /* CustomBookmark.swift */ = {isa = PBXFileReference; lastKnownFileType = sourcecode.swift; path = CustomBookmark.swift; sourceTree = "<group>"; };
		B1D0595B266BC1CA0079EEBE /* CSCellAttr.swift */ = {isa = PBXFileReference; lastKnownFileType = sourcecode.swift; path = CSCellAttr.swift; sourceTree = "<group>"; };
		B1EB3AEC263E79E500691D1D /* KakaoTalk_Photo_2021-05-02-15-10-23.png */ = {isa = PBXFileReference; lastKnownFileType = image.png; path = "KakaoTalk_Photo_2021-05-02-15-10-23.png"; sourceTree = "<group>"; };
		B1FD4757266BDB700007951D /* CSaddPage.swift */ = {isa = PBXFileReference; lastKnownFileType = sourcecode.swift; path = CSaddPage.swift; sourceTree = "<group>"; };
		FD2D47028198BDA7E1E50959 /* Pods_BobBob.framework */ = {isa = PBXFileReference; explicitFileType = wrapper.framework; includeInIndex = 0; path = Pods_BobBob.framework; sourceTree = BUILT_PRODUCTS_DIR; };
/* End PBXFileReference section */

/* Begin PBXFrameworksBuildPhase section */
		B10EA3FC2621D7000014A9C7 /* Frameworks */ = {
			isa = PBXFrameworksBuildPhase;
			buildActionMask = 2147483647;
			files = (
				406199CCB5B2C35D52F8BC39 /* Pods_BobBob.framework in Frameworks */,
			);
			runOnlyForDeploymentPostprocessing = 0;
		};
/* End PBXFrameworksBuildPhase section */

/* Begin PBXGroup section */
		2EF5C3C847B9D363EF5A8836 /* Frameworks */ = {
			isa = PBXGroup;
			children = (
				FD2D47028198BDA7E1E50959 /* Pods_BobBob.framework */,
			);
			name = Frameworks;
			sourceTree = "<group>";
		};
		B0DD9A1385A0C3E725422404 /* Pods */ = {
			isa = PBXGroup;
			children = (
				23B9D75681E515F04E0BD430 /* Pods-BobBob.debug.xcconfig */,
				4E62610DF767A0966EB1E01E /* Pods-BobBob.release.xcconfig */,
			);
			path = Pods;
			sourceTree = "<group>";
		};
		B10EA3F62621D7000014A9C7 = {
			isa = PBXGroup;
			children = (
				B10EA4012621D7000014A9C7 /* BobBob */,
				B10EA4002621D7000014A9C7 /* Products */,
				B0DD9A1385A0C3E725422404 /* Pods */,
				2EF5C3C847B9D363EF5A8836 /* Frameworks */,
			);
			sourceTree = "<group>";
		};
		B10EA4002621D7000014A9C7 /* Products */ = {
			isa = PBXGroup;
			children = (
				B10EA3FF2621D7000014A9C7 /* BobBob.app */,
			);
			name = Products;
			sourceTree = "<group>";
		};
		B10EA4012621D7000014A9C7 /* BobBob */ = {
			isa = PBXGroup;
			children = (
				B10EA41A2621EC4C0014A9C7 /* Resource */,
				B10EA4022621D7000014A9C7 /* AppDelegate.swift */,
				B10EA4042621D7000014A9C7 /* SceneDelegate.swift */,
				B10EA4062621D7000014A9C7 /* ViewController.swift */,
				B10EA4082621D7000014A9C7 /* Main.storyboard */,
				B10EA40B2621D7000014A9C7 /* Assets.xcassets */,
				B10EA40D2621D7000014A9C7 /* LaunchScreen.storyboard */,
				B10EA4102621D7000014A9C7 /* Info.plist */,
				B11744E32635DCD700FCD5C7 /* profileViewController.swift */,
				B11744E62635DE6900FCD5C7 /* JeboViewController.swift */,
				4EEBAFDC263BC9BB00420C22 /* JjimViewController.swift */,
				B16D5A0026367E1900C2A1FB /* json_tset.swift */,
				B16D5A072636B80700C2A1FB /* CellAttr.swift */,
				4EEBAFC6263BBAD700420C22 /* JsonHelper.swift */,
				4EEBAFCA263BBE1A00420C22 /* data.json */,
				4E08C7BD263C5A7C00A85A5E /* MapViewController.swift */,
				4EEBAFD1263BC0F700420C22 /* RestaurantData.swift */,
				4E08C7AF263C13E700A85A5E /* NaverMapViewController.swift */,
				4E08C7B5263C230000A85A5E /* RestaurantDetailViewController.swift */,
				B1D05958266BBF3A0079EEBE /* CustomBookmark.swift */,
				B1D0595B266BC1CA0079EEBE /* CSCellAttr.swift */,
				B1FD4757266BDB700007951D /* CSaddPage.swift */,
			);
			path = BobBob;
			sourceTree = "<group>";
		};
		B10EA41A2621EC4C0014A9C7 /* Resource */ = {
			isa = PBXGroup;
			children = (
				4EDB2341265A447300D01C5E /* 대지 36@300x.png */,
				B1EB3AEC263E79E500691D1D /* KakaoTalk_Photo_2021-05-02-15-10-23.png */,
				4EDB2344265A47E400D01C5E /* KakaoTalk_Photo_2021-05-23-17-20-37.png */,
				B10EA4172621EC3E0014A9C7 /* account.jpg */,
			);
			path = Resource;
			sourceTree = "<group>";
		};
/* End PBXGroup section */

/* Begin PBXNativeTarget section */
		B10EA3FE2621D7000014A9C7 /* BobBob */ = {
			isa = PBXNativeTarget;
			buildConfigurationList = B10EA4132621D7000014A9C7 /* Build configuration list for PBXNativeTarget "BobBob" */;
			buildPhases = (
				0E6FB8C8C412830FECE6DFD4 /* [CP] Check Pods Manifest.lock */,
				B10EA3FB2621D7000014A9C7 /* Sources */,
				B10EA3FC2621D7000014A9C7 /* Frameworks */,
				B10EA3FD2621D7000014A9C7 /* Resources */,
				A5DEEACE9AB2663D27275AC8 /* [CP] Embed Pods Frameworks */,
			);
			buildRules = (
			);
			dependencies = (
			);
			name = BobBob;
			productName = BobBob;
			productReference = B10EA3FF2621D7000014A9C7 /* BobBob.app */;
			productType = "com.apple.product-type.application";
		};
/* End PBXNativeTarget section */

/* Begin PBXProject section */
		B10EA3F72621D7000014A9C7 /* Project object */ = {
			isa = PBXProject;
			attributes = {
				LastSwiftUpdateCheck = 1240;
				LastUpgradeCheck = 1240;
				TargetAttributes = {
					B10EA3FE2621D7000014A9C7 = {
						CreatedOnToolsVersion = 12.4;
					};
				};
			};
			buildConfigurationList = B10EA3FA2621D7000014A9C7 /* Build configuration list for PBXProject "BobBob" */;
			compatibilityVersion = "Xcode 9.3";
			developmentRegion = en;
			hasScannedForEncodings = 0;
			knownRegions = (
				en,
				Base,
			);
			mainGroup = B10EA3F62621D7000014A9C7;
			productRefGroup = B10EA4002621D7000014A9C7 /* Products */;
			projectDirPath = "";
			projectRoot = "";
			targets = (
				B10EA3FE2621D7000014A9C7 /* BobBob */,
			);
		};
/* End PBXProject section */

/* Begin PBXResourcesBuildPhase section */
		B10EA3FD2621D7000014A9C7 /* Resources */ = {
			isa = PBXResourcesBuildPhase;
			buildActionMask = 2147483647;
			files = (
				B1EB3AED263E79E500691D1D /* KakaoTalk_Photo_2021-05-02-15-10-23.png in Resources */,
				4EDB2345265A47E400D01C5E /* KakaoTalk_Photo_2021-05-23-17-20-37.png in Resources */,
				B10EA4182621EC3E0014A9C7 /* account.jpg in Resources */,
				B10EA40F2621D7000014A9C7 /* LaunchScreen.storyboard in Resources */,
				B10EA40C2621D7000014A9C7 /* Assets.xcassets in Resources */,
				4EEBAFCB263BBE1A00420C22 /* data.json in Resources */,
				4EDB2342265A447300D01C5E /* 대지 36@300x.png in Resources */,
				B10EA40A2621D7000014A9C7 /* Main.storyboard in Resources */,
			);
			runOnlyForDeploymentPostprocessing = 0;
		};
/* End PBXResourcesBuildPhase section */

/* Begin PBXShellScriptBuildPhase section */
		0E6FB8C8C412830FECE6DFD4 /* [CP] Check Pods Manifest.lock */ = {
			isa = PBXShellScriptBuildPhase;
			buildActionMask = 2147483647;
			files = (
			);
			inputFileListPaths = (
			);
			inputPaths = (
				"${PODS_PODFILE_DIR_PATH}/Podfile.lock",
				"${PODS_ROOT}/Manifest.lock",
			);
			name = "[CP] Check Pods Manifest.lock";
			outputFileListPaths = (
			);
			outputPaths = (
				"$(DERIVED_FILE_DIR)/Pods-BobBob-checkManifestLockResult.txt",
			);
			runOnlyForDeploymentPostprocessing = 0;
			shellPath = /bin/sh;
			shellScript = "diff \"${PODS_PODFILE_DIR_PATH}/Podfile.lock\" \"${PODS_ROOT}/Manifest.lock\" > /dev/null\nif [ $? != 0 ] ; then\n    # print error to STDERR\n    echo \"error: The sandbox is not in sync with the Podfile.lock. Run 'pod install' or update your CocoaPods installation.\" >&2\n    exit 1\nfi\n# This output is used by Xcode 'outputs' to avoid re-running this script phase.\necho \"SUCCESS\" > \"${SCRIPT_OUTPUT_FILE_0}\"\n";
			showEnvVarsInLog = 0;
		};
		A5DEEACE9AB2663D27275AC8 /* [CP] Embed Pods Frameworks */ = {
			isa = PBXShellScriptBuildPhase;
			buildActionMask = 2147483647;
			files = (
			);
			inputFileListPaths = (
				"${PODS_ROOT}/Target Support Files/Pods-BobBob/Pods-BobBob-frameworks-${CONFIGURATION}-input-files.xcfilelist",
			);
			name = "[CP] Embed Pods Frameworks";
			outputFileListPaths = (
				"${PODS_ROOT}/Target Support Files/Pods-BobBob/Pods-BobBob-frameworks-${CONFIGURATION}-output-files.xcfilelist",
			);
			runOnlyForDeploymentPostprocessing = 0;
			shellPath = /bin/sh;
			shellScript = "\"${PODS_ROOT}/Target Support Files/Pods-BobBob/Pods-BobBob-frameworks.sh\"\n";
			showEnvVarsInLog = 0;
		};
/* End PBXShellScriptBuildPhase section */

/* Begin PBXSourcesBuildPhase section */
		B10EA3FB2621D7000014A9C7 /* Sources */ = {
			isa = PBXSourcesBuildPhase;
			buildActionMask = 2147483647;
			files = (
				B10EA4072621D7000014A9C7 /* ViewController.swift in Sources */,
				B1D0595C266BC1CA0079EEBE /* CSCellAttr.swift in Sources */,
				B10EA4032621D7000014A9C7 /* AppDelegate.swift in Sources */,
				4EEBAFD2263BC0F700420C22 /* RestaurantData.swift in Sources */,
				B11744E72635DE6900FCD5C7 /* JeboViewController.swift in Sources */,
				4EEBAFDD263BC9BB00420C22 /* JjimViewController.swift in Sources */,
				B1FD4758266BDB700007951D /* CSaddPage.swift in Sources */,
				B16D5A0126367E1900C2A1FB /* json_tset.swift in Sources */,
				B1D05959266BBF3A0079EEBE /* CustomBookmark.swift in Sources */,
				4E08C7BE263C5A7C00A85A5E /* MapViewController.swift in Sources */,
				4E08C7B6263C230000A85A5E /* RestaurantDetailViewController.swift in Sources */,
				B10EA4052621D7000014A9C7 /* SceneDelegate.swift in Sources */,
				B16D5A082636B80700C2A1FB /* CellAttr.swift in Sources */,
				4E08C7B0263C13E700A85A5E /* NaverMapViewController.swift in Sources */,
				B11744E42635DCD700FCD5C7 /* profileViewController.swift in Sources */,
				4EEBAFC7263BBAD700420C22 /* JsonHelper.swift in Sources */,
			);
			runOnlyForDeploymentPostprocessing = 0;
		};
/* End PBXSourcesBuildPhase section */

/* Begin PBXVariantGroup section */
		B10EA4082621D7000014A9C7 /* Main.storyboard */ = {
			isa = PBXVariantGroup;
			children = (
				B10EA4092621D7000014A9C7 /* Base */,
			);
			name = Main.storyboard;
			sourceTree = "<group>";
		};
		B10EA40D2621D7000014A9C7 /* LaunchScreen.storyboard */ = {
			isa = PBXVariantGroup;
			children = (
				B10EA40E2621D7000014A9C7 /* Base */,
			);
			name = LaunchScreen.storyboard;
			sourceTree = "<group>";
		};
/* End PBXVariantGroup section */

/* Begin XCBuildConfiguration section */
		B10EA4112621D7000014A9C7 /* Debug */ = {
			isa = XCBuildConfiguration;
			buildSettings = {
				ALWAYS_SEARCH_USER_PATHS = NO;
				CLANG_ANALYZER_NONNULL = YES;
				CLANG_ANALYZER_NUMBER_OBJECT_CONVERSION = YES_AGGRESSIVE;
				CLANG_CXX_LANGUAGE_STANDARD = "gnu++14";
				CLANG_CXX_LIBRARY = "libc++";
				CLANG_ENABLE_MODULES = YES;
				CLANG_ENABLE_OBJC_ARC = YES;
				CLANG_ENABLE_OBJC_WEAK = YES;
				CLANG_WARN_BLOCK_CAPTURE_AUTORELEASING = YES;
				CLANG_WARN_BOOL_CONVERSION = YES;
				CLANG_WARN_COMMA = YES;
				CLANG_WARN_CONSTANT_CONVERSION = YES;
				CLANG_WARN_DEPRECATED_OBJC_IMPLEMENTATIONS = YES;
				CLANG_WARN_DIRECT_OBJC_ISA_USAGE = YES_ERROR;
				CLANG_WARN_DOCUMENTATION_COMMENTS = YES;
				CLANG_WARN_EMPTY_BODY = YES;
				CLANG_WARN_ENUM_CONVERSION = YES;
				CLANG_WARN_INFINITE_RECURSION = YES;
				CLANG_WARN_INT_CONVERSION = YES;
				CLANG_WARN_NON_LITERAL_NULL_CONVERSION = YES;
				CLANG_WARN_OBJC_IMPLICIT_RETAIN_SELF = YES;
				CLANG_WARN_OBJC_LITERAL_CONVERSION = YES;
				CLANG_WARN_OBJC_ROOT_CLASS = YES_ERROR;
				CLANG_WARN_QUOTED_INCLUDE_IN_FRAMEWORK_HEADER = YES;
				CLANG_WARN_RANGE_LOOP_ANALYSIS = YES;
				CLANG_WARN_STRICT_PROTOTYPES = YES;
				CLANG_WARN_SUSPICIOUS_MOVE = YES;
				CLANG_WARN_UNGUARDED_AVAILABILITY = YES_AGGRESSIVE;
				CLANG_WARN_UNREACHABLE_CODE = YES;
				CLANG_WARN__DUPLICATE_METHOD_MATCH = YES;
				COPY_PHASE_STRIP = NO;
				DEBUG_INFORMATION_FORMAT = dwarf;
				ENABLE_STRICT_OBJC_MSGSEND = YES;
				ENABLE_TESTABILITY = YES;
				GCC_C_LANGUAGE_STANDARD = gnu11;
				GCC_DYNAMIC_NO_PIC = NO;
				GCC_NO_COMMON_BLOCKS = YES;
				GCC_OPTIMIZATION_LEVEL = 0;
				GCC_PREPROCESSOR_DEFINITIONS = (
					"DEBUG=1",
					"$(inherited)",
				);
				GCC_WARN_64_TO_32_BIT_CONVERSION = YES;
				GCC_WARN_ABOUT_RETURN_TYPE = YES_ERROR;
				GCC_WARN_UNDECLARED_SELECTOR = YES;
				GCC_WARN_UNINITIALIZED_AUTOS = YES_AGGRESSIVE;
				GCC_WARN_UNUSED_FUNCTION = YES;
				GCC_WARN_UNUSED_VARIABLE = YES;
				IPHONEOS_DEPLOYMENT_TARGET = 14.4;
				MTL_ENABLE_DEBUG_INFO = INCLUDE_SOURCE;
				MTL_FAST_MATH = YES;
				ONLY_ACTIVE_ARCH = YES;
				SDKROOT = iphoneos;
				SWIFT_ACTIVE_COMPILATION_CONDITIONS = DEBUG;
				SWIFT_OPTIMIZATION_LEVEL = "-Onone";
			};
			name = Debug;
		};
		B10EA4122621D7000014A9C7 /* Release */ = {
			isa = XCBuildConfiguration;
			buildSettings = {
				ALWAYS_SEARCH_USER_PATHS = NO;
				CLANG_ANALYZER_NONNULL = YES;
				CLANG_ANALYZER_NUMBER_OBJECT_CONVERSION = YES_AGGRESSIVE;
				CLANG_CXX_LANGUAGE_STANDARD = "gnu++14";
				CLANG_CXX_LIBRARY = "libc++";
				CLANG_ENABLE_MODULES = YES;
				CLANG_ENABLE_OBJC_ARC = YES;
				CLANG_ENABLE_OBJC_WEAK = YES;
				CLANG_WARN_BLOCK_CAPTURE_AUTORELEASING = YES;
				CLANG_WARN_BOOL_CONVERSION = YES;
				CLANG_WARN_COMMA = YES;
				CLANG_WARN_CONSTANT_CONVERSION = YES;
				CLANG_WARN_DEPRECATED_OBJC_IMPLEMENTATIONS = YES;
				CLANG_WARN_DIRECT_OBJC_ISA_USAGE = YES_ERROR;
				CLANG_WARN_DOCUMENTATION_COMMENTS = YES;
				CLANG_WARN_EMPTY_BODY = YES;
				CLANG_WARN_ENUM_CONVERSION = YES;
				CLANG_WARN_INFINITE_RECURSION = YES;
				CLANG_WARN_INT_CONVERSION = YES;
				CLANG_WARN_NON_LITERAL_NULL_CONVERSION = YES;
				CLANG_WARN_OBJC_IMPLICIT_RETAIN_SELF = YES;
				CLANG_WARN_OBJC_LITERAL_CONVERSION = YES;
				CLANG_WARN_OBJC_ROOT_CLASS = YES_ERROR;
				CLANG_WARN_QUOTED_INCLUDE_IN_FRAMEWORK_HEADER = YES;
				CLANG_WARN_RANGE_LOOP_ANALYSIS = YES;
				CLANG_WARN_STRICT_PROTOTYPES = YES;
				CLANG_WARN_SUSPICIOUS_MOVE = YES;
				CLANG_WARN_UNGUARDED_AVAILABILITY = YES_AGGRESSIVE;
				CLANG_WARN_UNREACHABLE_CODE = YES;
				CLANG_WARN__DUPLICATE_METHOD_MATCH = YES;
				COPY_PHASE_STRIP = NO;
				DEBUG_INFORMATION_FORMAT = "dwarf-with-dsym";
				ENABLE_NS_ASSERTIONS = NO;
				ENABLE_STRICT_OBJC_MSGSEND = YES;
				GCC_C_LANGUAGE_STANDARD = gnu11;
				GCC_NO_COMMON_BLOCKS = YES;
				GCC_WARN_64_TO_32_BIT_CONVERSION = YES;
				GCC_WARN_ABOUT_RETURN_TYPE = YES_ERROR;
				GCC_WARN_UNDECLARED_SELECTOR = YES;
				GCC_WARN_UNINITIALIZED_AUTOS = YES_AGGRESSIVE;
				GCC_WARN_UNUSED_FUNCTION = YES;
				GCC_WARN_UNUSED_VARIABLE = YES;
				IPHONEOS_DEPLOYMENT_TARGET = 14.4;
				MTL_ENABLE_DEBUG_INFO = NO;
				MTL_FAST_MATH = YES;
				SDKROOT = iphoneos;
				SWIFT_COMPILATION_MODE = wholemodule;
				SWIFT_OPTIMIZATION_LEVEL = "-O";
				VALIDATE_PRODUCT = YES;
			};
			name = Release;
		};
		B10EA4142621D7000014A9C7 /* Debug */ = {
			isa = XCBuildConfiguration;
			baseConfigurationReference = 23B9D75681E515F04E0BD430 /* Pods-BobBob.debug.xcconfig */;
			buildSettings = {
				ASSETCATALOG_COMPILER_APPICON_NAME = AppIcon;
				ASSETCATALOG_COMPILER_GLOBAL_ACCENT_COLOR_NAME = AccentColor;
				CODE_SIGN_STYLE = Automatic;
				CURRENT_PROJECT_VERSION = 2;
				DEVELOPMENT_TEAM = U7238N8JWM;
				INFOPLIST_FILE = BobBob/Info.plist;
				IPHONEOS_DEPLOYMENT_TARGET = 13.0;
				LD_RUNPATH_SEARCH_PATHS = (
					"$(inherited)",
					"@executable_path/Frameworks",
				);
				PRODUCT_BUNDLE_IDENTIFIER = jyman.BobBob;
				PRODUCT_NAME = "$(TARGET_NAME)";
				SWIFT_VERSION = 5.0;
				TARGETED_DEVICE_FAMILY = "1,2";
			};
			name = Debug;
		};
		B10EA4152621D7000014A9C7 /* Release */ = {
			isa = XCBuildConfiguration;
			baseConfigurationReference = 4E62610DF767A0966EB1E01E /* Pods-BobBob.release.xcconfig */;
			buildSettings = {
				ASSETCATALOG_COMPILER_APPICON_NAME = AppIcon;
				ASSETCATALOG_COMPILER_GLOBAL_ACCENT_COLOR_NAME = AccentColor;
				CODE_SIGN_IDENTITY = "Apple Development";
				CODE_SIGN_STYLE = Automatic;
				CURRENT_PROJECT_VERSION = 2;
				DEVELOPMENT_TEAM = U7238N8JWM;
				INFOPLIST_FILE = BobBob/Info.plist;
				IPHONEOS_DEPLOYMENT_TARGET = 13.0;
				LD_RUNPATH_SEARCH_PATHS = (
					"$(inherited)",
					"@executable_path/Frameworks",
				);
				PRODUCT_BUNDLE_IDENTIFIER = jyman.BobBob;
				PRODUCT_NAME = "$(TARGET_NAME)";
				PROVISIONING_PROFILE_SPECIFIER = "";
				SWIFT_VERSION = 5.0;
				TARGETED_DEVICE_FAMILY = "1,2";
			};
			name = Release;
		};
/* End XCBuildConfiguration section */

/* Begin XCConfigurationList section */
		B10EA3FA2621D7000014A9C7 /* Build configuration list for PBXProject "BobBob" */ = {
			isa = XCConfigurationList;
			buildConfigurations = (
				B10EA4112621D7000014A9C7 /* Debug */,
				B10EA4122621D7000014A9C7 /* Release */,
			);
			defaultConfigurationIsVisible = 0;
			defaultConfigurationName = Release;
		};
		B10EA4132621D7000014A9C7 /* Build configuration list for PBXNativeTarget "BobBob" */ = {
			isa = XCConfigurationList;
			buildConfigurations = (
				B10EA4142621D7000014A9C7 /* Debug */,
				B10EA4152621D7000014A9C7 /* Release */,
			);
			defaultConfigurationIsVisible = 0;
			defaultConfigurationName = Release;
		};
/* End XCConfigurationList section */
	};
	rootObject = B10EA3F72621D7000014A9C7 /* Project object */;
}
